
Microsoft Visual Studio Solution File, Format Version 12.00
# Visual Studio Version 16
VisualStudioVersion = 16.0.31313.79
MinimumVisualStudioVersion = 10.0.40219.1
Project("{FAE04EC0-301F-11D3-BF4B-00C04F79EFBC}") = "PRG522Summative", "PRG522Summative\PRG522Summative.csproj", "{D813B978-D098-425A-84C7-379957F0EC65}"
EndProject
Global
	GlobalSection(SolutionConfigurationPlatforms) = preSolution
		Debug|Any CPU = Debug|Any CPU
		Release|Any CPU = Release|Any CPU
	EndGlobalSection
	GlobalSection(ProjectConfigurationPlatforms) = postSolution
		{D813B978-D098-425A-84C7-379957F0EC65}.Debug|Any CPU.ActiveCfg = Debug|Any CPU
		{D813B978-D098-425A-84C7-379957F0EC65}.Debug|Any CPU.Build.0 = Debug|Any CPU
		{D813B978-D098-425A-84C7-379957F0EC65}.Release|Any CPU.ActiveCfg = Release|Any CPU
		{D813B978-D098-425A-84C7-379957F0EC65}.Release|Any CPU.Build.0 = Release|Any CPU
	EndGlobalSection
	GlobalSection(SolutionProperties) = preSolution
		HideSolutionNode = FALSE
	EndGlobalSection
	GlobalSection(ExtensibilityGlobals) = postSolution
		SolutionGuid = {BF8F4E71-CB96-49BB-9626-18FB17C92D24}
	EndGlobalSection
EndGlobal
